
Microsoft Visual Studio Solution File, Format Version 12.00
# Visual Studio Version 17
VisualStudioVersion = 17.5.002.0
MinimumVisualStudioVersion = 10.0.40219.1
Project("{9A19103F-16F7-4668-BE54-9A1E7A4F7556}") = "SharpWebApp", "SharpWebApp.csproj", "{005C7C30-DE65-4774-AAE8-FC50CE4D988E}"
EndProject
Global
	GlobalSection(SolutionConfigurationPlatforms) = preSolution
		Debug|Any CPU = Debug|Any CPU
		Release|Any CPU = Release|Any CPU
	EndGlobalSection
	GlobalSection(ProjectConfigurationPlatforms) = postSolution
		{005C7C30-DE65-4774-AAE8-FC50CE4D988E}.Debug|Any CPU.ActiveCfg = Debug|Any CPU
		{005C7C30-DE65-4774-AAE8-FC50CE4D988E}.Debug|Any CPU.Build.0 = Debug|Any CPU
		{005C7C30-DE65-4774-AAE8-FC50CE4D988E}.Release|Any CPU.ActiveCfg = Release|Any CPU
		{005C7C30-DE65-4774-AAE8-FC50CE4D988E}.Release|Any CPU.Build.0 = Release|Any CPU
	EndGlobalSection
	GlobalSection(SolutionProperties) = preSolution
		HideSolutionNode = FALSE
	EndGlobalSection
	GlobalSection(ExtensibilityGlobals) = postSolution
		SolutionGuid = {6827D61D-B733-4EF5-9564-D37376B72691}
	EndGlobalSection
EndGlobal
